
Microsoft Visual Studio Solution File, Format Version 12.00
# Visual Studio Version 17
VisualStudioVersion = 17.13.35825.156 d17.13
MinimumVisualStudioVersion = 10.0.40219.1
Project("{FAE04EC0-301F-11D3-BF4B-00C04F79EFBC}") = "_APP2", "_APP2\_APP2.csproj", "{B7031740-4437-4BDD-942F-3CD376F3AA37}"
EndProject
Global
	GlobalSection(SolutionConfigurationPlatforms) = preSolution
		Debug|Any CPU = Debug|Any CPU
		Release|Any CPU = Release|Any CPU
	EndGlobalSection
	GlobalSection(ProjectConfigurationPlatforms) = postSolution
		{B7031740-4437-4BDD-942F-3CD376F3AA37}.Debug|Any CPU.ActiveCfg = Debug|Any CPU
		{B7031740-4437-4BDD-942F-3CD376F3AA37}.Debug|Any CPU.Build.0 = Debug|Any CPU
		{B7031740-4437-4BDD-942F-3CD376F3AA37}.Release|Any CPU.ActiveCfg = Release|Any CPU
		{B7031740-4437-4BDD-942F-3CD376F3AA37}.Release|Any CPU.Build.0 = Release|Any CPU
	EndGlobalSection
	GlobalSection(SolutionProperties) = preSolution
		HideSolutionNode = FALSE
	EndGlobalSection
	GlobalSection(ExtensibilityGlobals) = postSolution
		SolutionGuid = {60FB4624-7DD8-4B3A-9ABD-8804D0CC3875}
	EndGlobalSection
EndGlobal
